{
  "requires": true,
  "lockfileVersion": 1,
  "dependencies": {
    "@babel/runtime": {
      "version": "7.4.4",
      "resolved": "https://registry.npmjs.org/@babel/runtime/-/runtime-7.4.4.tgz",
      "integrity": "sha512-w0+uT71b6Yi7i5SE0co4NioIpSYS6lLiXvCzWzGSKvpK5vdQtCbICHMj+gbAKAOtxiV6HsVh/MBdaF9EQ6faSg==",
      "requires": {
        "regenerator-runtime": "^0.13.2"
      }
    },
    "@types/classnames": {
      "version": "2.2.7",
      "resolved": "https://registry.npmjs.org/@types/classnames/-/classnames-2.2.7.tgz",
      "integrity": "sha512-rzOhiQ55WzAiFgXRtitP/ZUT8iVNyllEpylJ5zHzR4vArUvMB39GTk+Zon/uAM0JxEFAWnwsxC2gH8s+tZ3Myg=="
    },
    "@types/prop-types": {
      "version": "15.7.1",
      "resolved": "https://registry.npmjs.org/@types/prop-types/-/prop-types-15.7.1.tgz",
      "integrity": "sha512-CFzn9idOEpHrgdw8JsoTkaDDyRWk1jrzIV8djzcgpq0y9tG4B4lFT+Nxh52DVpDXV+n4+NPNv7M1Dj5uMp6XFg=="
    },
    "@vtex/styleguide": {
      "version": "2.0.0-rc.41",
      "resolved": "https://registry.npmjs.org/@vtex/styleguide/-/styleguide-2.0.0-rc.41.tgz",
      "integrity": "sha512-qr1gzUazt3cm2ROg3rjL6+r0FFbbMOynUc9qO8WG6lE/X1EGSRV075ybsMaUPbrRjnCvpAbVGfTWhvaNuzngjw==",
      "requires": {
        "react-responsive-modal": "^2.0.1",
        "vtex-tachyons": "^2.3.0"
      }
    },
    "asap": {
      "version": "2.0.6",
      "resolved": "https://registry.npmjs.org/asap/-/asap-2.0.6.tgz",
      "integrity": "sha1-5QNHYR1+aQlDIIu9r+vLwvuGbUY="
    },
    "brcast": {
      "version": "3.0.1",
      "resolved": "https://registry.npmjs.org/brcast/-/brcast-3.0.1.tgz",
      "integrity": "sha512-eI3yqf9YEqyGl9PCNTR46MGvDylGtaHjalcz6Q3fAPnP/PhpKkkve52vFdfGpwp4VUvK6LUr4TQN+2stCrEwTg=="
    },
    "classnames": {
      "version": "2.2.6",
      "resolved": "https://registry.npmjs.org/classnames/-/classnames-2.2.6.tgz",
      "integrity": "sha512-JR/iSQOSt+LQIWwrwEzJ9uk0xfN3mTVYMwt1Ir5mUcSN6pU+V4zQFFaJsclJbPuAUQH+yfWef6tm7l1quW3C8Q=="
    },
    "core-js": {
      "version": "1.2.7",
      "resolved": "https://registry.npmjs.org/core-js/-/core-js-1.2.7.tgz",
      "integrity": "sha1-ZSKUwUZR2yj6k70tX/KYOk8IxjY="
    },
    "create-react-context": {
      "version": "0.2.3",
      "resolved": "https://registry.npmjs.org/create-react-context/-/create-react-context-0.2.3.tgz",
      "integrity": "sha512-CQBmD0+QGgTaxDL3OX1IDXYqjkp2It4RIbcb99jS6AEg27Ga+a9G3JtK6SIu0HBwPLZlmwt9F7UwWA4Bn92Rag==",
      "requires": {
        "fbjs": "^0.8.0",
        "gud": "^1.0.0"
      }
    },
    "css-vendor": {
      "version": "0.3.8",
      "resolved": "https://registry.npmjs.org/css-vendor/-/css-vendor-0.3.8.tgz",
      "integrity": "sha1-ZCHP0wNM5mT+dnOXL9ARn8KJQfo=",
      "requires": {
        "is-in-browser": "^1.0.2"
      }
    },
    "dom-helpers": {
      "version": "3.4.0",
      "resolved": "https://registry.npmjs.org/dom-helpers/-/dom-helpers-3.4.0.tgz",
      "integrity": "sha512-LnuPJ+dwqKDIyotW1VzmOZ5TONUN7CwkCR5hrgawTUbkBGYdeoNLZo6nNfGkCrjtE1nXXaj7iMMpDa8/d9WoIA==",
      "requires": {
        "@babel/runtime": "^7.1.2"
      }
    },
    "encoding": {
      "version": "0.1.12",
      "resolved": "https://registry.npmjs.org/encoding/-/encoding-0.1.12.tgz",
      "integrity": "sha1-U4tm8+5izRq1HsMjgp0flIDHS+s=",
      "requires": {
        "iconv-lite": "~0.4.13"
      }
    },
    "fbjs": {
      "version": "0.8.17",
      "resolved": "https://registry.npmjs.org/fbjs/-/fbjs-0.8.17.tgz",
      "integrity": "sha1-xNWY6taUkRJlPWWIsBpc3Nn5D90=",
      "requires": {
        "core-js": "^1.0.0",
        "isomorphic-fetch": "^2.1.1",
        "loose-envify": "^1.0.0",
        "object-assign": "^4.1.0",
        "promise": "^7.1.1",
        "setimmediate": "^1.0.5",
        "ua-parser-js": "^0.7.18"
      }
    },
    "gud": {
      "version": "1.0.0",
      "resolved": "https://registry.npmjs.org/gud/-/gud-1.0.0.tgz",
      "integrity": "sha512-zGEOVKFM5sVPPrYs7J5/hYEw2Pof8KCyOwyhG8sAF26mCAeUFAcYPu1mwB7hhpIP29zOIBaDqwuHdLp0jvZXjw=="
    },
    "history": {
      "version": "4.9.0",
      "resolved": "https://registry.npmjs.org/history/-/history-4.9.0.tgz",
      "integrity": "sha512-H2DkjCjXf0Op9OAr6nJ56fcRkTSNrUiv41vNJ6IswJjif6wlpZK0BTfFbi7qK9dXLSYZxkq5lBsj3vUjlYBYZA==",
      "requires": {
        "@babel/runtime": "^7.1.2",
        "loose-envify": "^1.2.0",
        "resolve-pathname": "^2.2.0",
        "tiny-invariant": "^1.0.2",
        "tiny-warning": "^1.0.0",
        "value-equal": "^0.4.0"
      }
    },
    "hoist-non-react-statics": {
      "version": "2.5.5",
      "resolved": "https://registry.npmjs.org/hoist-non-react-statics/-/hoist-non-react-statics-2.5.5.tgz",
      "integrity": "sha512-rqcy4pJo55FTTLWt+bU8ukscqHeE/e9KWvsOW2b/a3afxQZhwkQdT1rPPCJ0rYXdj4vNcasY8zHTH+jF/qStxw=="
    },
    "hyphenate-style-name": {
      "version": "1.0.3",
      "resolved": "https://registry.npmjs.org/hyphenate-style-name/-/hyphenate-style-name-1.0.3.tgz",
      "integrity": "sha512-EcuixamT82oplpoJ2XU4pDtKGWQ7b00CD9f1ug9IaQ3p1bkHMiKCZ9ut9QDI6qsa6cpUuB+A/I+zLtdNK4n2DQ=="
    },
    "iconv-lite": {
      "version": "0.4.24",
      "resolved": "https://registry.npmjs.org/iconv-lite/-/iconv-lite-0.4.24.tgz",
      "integrity": "sha512-v3MXnZAcvnywkTUEZomIActle7RXXeedOR31wwl7VlyoXO4Qi9arvSenNQWne1TcRwhCL1HwLI21bEqdpj8/rA==",
      "requires": {
        "safer-buffer": ">= 2.1.2 < 3"
      }
    },
    "is-function": {
      "version": "1.0.1",
      "resolved": "https://registry.npmjs.org/is-function/-/is-function-1.0.1.tgz",
      "integrity": "sha1-Es+5i2W1fdPRk6MSH19uL0N2ArU="
    },
    "is-in-browser": {
      "version": "1.1.3",
      "resolved": "https://registry.npmjs.org/is-in-browser/-/is-in-browser-1.1.3.tgz",
      "integrity": "sha1-Vv9NtoOgeMYILrldrX3GLh0E+DU="
    },
    "is-plain-object": {
      "version": "2.0.4",
      "resolved": "https://registry.npmjs.org/is-plain-object/-/is-plain-object-2.0.4.tgz",
      "integrity": "sha512-h5PpgXkWitc38BBMYawTYMWJHFZJVnBquFE57xFpjB8pJFiF6gZ+bU+WyI/yqXiFR5mdLsgYNaPe8uao6Uv9Og==",
      "requires": {
        "isobject": "^3.0.1"
      }
    },
    "is-stream": {
      "version": "1.1.0",
      "resolved": "https://registry.npmjs.org/is-stream/-/is-stream-1.1.0.tgz",
      "integrity": "sha1-EtSj3U5o4Lec6428hBc66A2RykQ="
    },
    "isarray": {
      "version": "0.0.1",
      "resolved": "https://registry.npmjs.org/isarray/-/isarray-0.0.1.tgz",
      "integrity": "sha1-ihis/Kmo9Bd+Cav8YDiTmwXR7t8="
    },
    "isobject": {
      "version": "3.0.1",
      "resolved": "https://registry.npmjs.org/isobject/-/isobject-3.0.1.tgz",
      "integrity": "sha1-TkMekrEalzFjaqH5yNHMvP2reN8="
    },
    "isomorphic-fetch": {
      "version": "2.2.1",
      "resolved": "https://registry.npmjs.org/isomorphic-fetch/-/isomorphic-fetch-2.2.1.tgz",
      "integrity": "sha1-YRrhrPFPXoH3KVB0coGf6XM1WKk=",
      "requires": {
        "node-fetch": "^1.0.1",
        "whatwg-fetch": ">=0.10.0"
      }
    },
    "js-tokens": {
      "version": "4.0.0",
      "resolved": "https://registry.npmjs.org/js-tokens/-/js-tokens-4.0.0.tgz",
      "integrity": "sha512-RdJUflcE3cUzKiMqQgsCu06FPu9UdIJO0beYbPhHN4k6apgJtifcoCtT9bcxOpYBtpD2kCM6Sbzg4CausW/PKQ=="
    },
    "jss": {
      "version": "9.8.7",
      "resolved": "https://registry.npmjs.org/jss/-/jss-9.8.7.tgz",
      "integrity": "sha512-awj3XRZYxbrmmrx9LUSj5pXSUfm12m8xzi/VKeqI1ZwWBtQ0kVPTs3vYs32t4rFw83CgFDukA8wKzOE9sMQnoQ==",
      "requires": {
        "is-in-browser": "^1.1.3",
        "symbol-observable": "^1.1.0",
        "warning": "^3.0.0"
      }
    },
    "jss-camel-case": {
      "version": "6.1.0",
      "resolved": "https://registry.npmjs.org/jss-camel-case/-/jss-camel-case-6.1.0.tgz",
      "integrity": "sha512-HPF2Q7wmNW1t79mCqSeU2vdd/vFFGpkazwvfHMOhPlMgXrJDzdj9viA2SaHk9ZbD5pfL63a8ylp4++irYbbzMQ==",
      "requires": {
        "hyphenate-style-name": "^1.0.2"
      }
    },
    "jss-compose": {
      "version": "5.0.0",
      "resolved": "https://registry.npmjs.org/jss-compose/-/jss-compose-5.0.0.tgz",
      "integrity": "sha512-YofRYuiA0+VbeOw0VjgkyO380sA4+TWDrW52nSluD9n+1FWOlDzNbgpZ/Sb3Y46+DcAbOS21W5jo6SAqUEiuwA==",
      "requires": {
        "warning": "^3.0.0"
      }
    },
    "jss-default-unit": {
      "version": "8.0.2",
      "resolved": "https://registry.npmjs.org/jss-default-unit/-/jss-default-unit-8.0.2.tgz",
      "integrity": "sha512-WxNHrF/18CdoAGw2H0FqOEvJdREXVXLazn7PQYU7V6/BWkCV0GkmWsppNiExdw8dP4TU1ma1dT9zBNJ95feLmg=="
    },
    "jss-expand": {
      "version": "5.3.0",
      "resolved": "https://registry.npmjs.org/jss-expand/-/jss-expand-5.3.0.tgz",
      "integrity": "sha512-NiM4TbDVE0ykXSAw6dfFmB1LIqXP/jdd0ZMnlvlGgEMkMt+weJIl8Ynq1DsuBY9WwkNyzWktdqcEW2VN0RAtQg=="
    },
    "jss-extend": {
      "version": "6.2.0",
      "resolved": "https://registry.npmjs.org/jss-extend/-/jss-extend-6.2.0.tgz",
      "integrity": "sha512-YszrmcB6o9HOsKPszK7NeDBNNjVyiW864jfoiHoMlgMIg2qlxKw70axZHqgczXHDcoyi/0/ikP1XaHDPRvYtEA==",
      "requires": {
        "warning": "^3.0.0"
      }
    },
    "jss-global": {
      "version": "3.0.0",
      "resolved": "https://registry.npmjs.org/jss-global/-/jss-global-3.0.0.tgz",
      "integrity": "sha512-wxYn7vL+TImyQYGAfdplg7yaxnPQ9RaXY/cIA8hawaVnmmWxDHzBK32u1y+RAvWboa3lW83ya3nVZ/C+jyjZ5Q=="
    },
    "jss-nested": {
      "version": "6.0.1",
      "resolved": "https://registry.npmjs.org/jss-nested/-/jss-nested-6.0.1.tgz",
      "integrity": "sha512-rn964TralHOZxoyEgeq3hXY8hyuCElnvQoVrQwKHVmu55VRDd6IqExAx9be5HgK0yN/+hQdgAXQl/GUrBbbSTA==",
      "requires": {
        "warning": "^3.0.0"
      }
    },
    "jss-preset-default": {
      "version": "4.5.0",
      "resolved": "https://registry.npmjs.org/jss-preset-default/-/jss-preset-default-4.5.0.tgz",
      "integrity": "sha512-qZbpRVtHT7hBPpZEBPFfafZKWmq3tA/An5RNqywDsZQGrlinIF/mGD9lmj6jGqu8GrED2SMHZ3pPKLmjCZoiaQ==",
      "requires": {
        "jss-camel-case": "^6.1.0",
        "jss-compose": "^5.0.0",
        "jss-default-unit": "^8.0.2",
        "jss-expand": "^5.3.0",
        "jss-extend": "^6.2.0",
        "jss-global": "^3.0.0",
        "jss-nested": "^6.0.1",
        "jss-props-sort": "^6.0.0",
        "jss-template": "^1.0.1",
        "jss-vendor-prefixer": "^7.0.0"
      }
    },
    "jss-props-sort": {
      "version": "6.0.0",
      "resolved": "https://registry.npmjs.org/jss-props-sort/-/jss-props-sort-6.0.0.tgz",
      "integrity": "sha512-E89UDcrphmI0LzmvYk25Hp4aE5ZBsXqMWlkFXS0EtPkunJkRr+WXdCNYbXbksIPnKlBenGB9OxzQY+mVc70S+g=="
    },
    "jss-template": {
      "version": "1.0.1",
      "resolved": "https://registry.npmjs.org/jss-template/-/jss-template-1.0.1.tgz",
      "integrity": "sha512-m5BqEWha17fmIVXm1z8xbJhY6GFJxNB9H68GVnCWPyGYfxiAgY9WTQyvDAVj+pYRgrXSOfN5V1T4+SzN1sJTeg==",
      "requires": {
        "warning": "^3.0.0"
      }
    },
    "jss-vendor-prefixer": {
      "version": "7.0.0",
      "resolved": "https://registry.npmjs.org/jss-vendor-prefixer/-/jss-vendor-prefixer-7.0.0.tgz",
      "integrity": "sha512-Agd+FKmvsI0HLcYXkvy8GYOw3AAASBUpsmIRvVQheps+JWaN892uFOInTr0DRydwaD91vSSUCU4NssschvF7MA==",
      "requires": {
        "css-vendor": "^0.3.8"
      }
    },
    "loose-envify": {
      "version": "1.4.0",
      "resolved": "https://registry.npmjs.org/loose-envify/-/loose-envify-1.4.0.tgz",
      "integrity": "sha512-lyuxPGr/Wfhrlem2CL/UcnUc1zcqKAImBDzukY7Y5F/yQiNdko6+fRLevlw1HgMySw7f611UIY408EtxRSoK3Q==",
      "requires": {
        "js-tokens": "^3.0.0 || ^4.0.0"
      }
    },
    "no-scroll": {
      "version": "2.1.1",
      "resolved": "https://registry.npmjs.org/no-scroll/-/no-scroll-2.1.1.tgz",
      "integrity": "sha512-YTzGAJOo/B6hkodeT5SKKHpOhAzjMfkUCCXjLJwjWk2F4/InIg+HbdH9kmT7bKpleDuqLZDTRy2OdNtAj0IVyQ=="
    },
    "node-fetch": {
      "version": "1.7.3",
      "resolved": "https://registry.npmjs.org/node-fetch/-/node-fetch-1.7.3.tgz",
      "integrity": "sha512-NhZ4CsKx7cYm2vSrBAr2PvFOe6sWDf0UYLRqA6svUYg7+/TSfVAu49jYC4BvQ4Sms9SZgdqGBgroqfDhJdTyKQ==",
      "requires": {
        "encoding": "^0.1.11",
        "is-stream": "^1.0.1"
      }
    },
    "object-assign": {
      "version": "4.1.1",
      "resolved": "https://registry.npmjs.org/object-assign/-/object-assign-4.1.1.tgz",
      "integrity": "sha1-IQmtx5ZYh8/AXLvUQsrIv7s2CGM="
    },
    "path-to-regexp": {
      "version": "1.7.0",
      "resolved": "https://registry.npmjs.org/path-to-regexp/-/path-to-regexp-1.7.0.tgz",
      "integrity": "sha1-Wf3g9DW62suhA6hOnTvGTpa5k30=",
      "requires": {
        "isarray": "0.0.1"
      }
    },
    "promise": {
      "version": "7.3.1",
      "resolved": "https://registry.npmjs.org/promise/-/promise-7.3.1.tgz",
      "integrity": "sha512-nolQXZ/4L+bP/UGlkfaIujX9BKxGwmQ9OT4mOt5yvy8iK1h3wqTEJCijzGANTCCl9nWjY41juyAn2K3Q1hLLTg==",
      "requires": {
        "asap": "~2.0.3"
      }
    },
    "prop-types": {
      "version": "15.7.2",
      "resolved": "https://registry.npmjs.org/prop-types/-/prop-types-15.7.2.tgz",
      "integrity": "sha512-8QQikdH7//R2vurIJSutZ1smHYTcLpRWEOlHnzcWHmBYrOGUysKwSsrC89BCiFj3CbrfJ/nXFdJepOVrY1GCHQ==",
      "requires": {
        "loose-envify": "^1.4.0",
        "object-assign": "^4.1.1",
        "react-is": "^16.8.1"
      }
    },
    "ramda": {
      "version": "0.26.1",
      "resolved": "https://registry.npmjs.org/ramda/-/ramda-0.26.1.tgz",
      "integrity": "sha512-hLWjpy7EnsDBb0p+Z3B7rPi3GDeRG5ZtiI33kJhTt+ORCd38AbAIjB/9zRIUoeTbE/AVX5ZkU7m6bznsvrf8eQ=="
    },
    "react-is": {
      "version": "16.8.6",
      "resolved": "https://registry.npmjs.org/react-is/-/react-is-16.8.6.tgz",
      "integrity": "sha512-aUk3bHfZ2bRSVFFbbeVS4i+lNPZr3/WM5jT2J5omUVV1zzcs1nAaf3l51ctA5FFvCRbhrH0bdAsRRQddFJZPtA=="
    },
    "react-jss": {
      "version": "8.6.1",
      "resolved": "https://registry.npmjs.org/react-jss/-/react-jss-8.6.1.tgz",
      "integrity": "sha512-SH6XrJDJkAphp602J14JTy3puB2Zxz1FkM3bKVE8wON+va99jnUTKWnzGECb3NfIn9JPR5vHykge7K3/A747xQ==",
      "requires": {
        "hoist-non-react-statics": "^2.5.0",
        "jss": "^9.7.0",
        "jss-preset-default": "^4.3.0",
        "prop-types": "^15.6.0",
        "theming": "^1.3.0"
      }
    },
    "react-lifecycles-compat": {
      "version": "3.0.4",
      "resolved": "https://registry.npmjs.org/react-lifecycles-compat/-/react-lifecycles-compat-3.0.4.tgz",
      "integrity": "sha512-fBASbA6LnOU9dOU2eW7aQ8xmYBSXUIWr+UmF9b1efZBazGNO+rcXT/icdKnYm2pTwcRylVUYwW7H1PHfLekVzA=="
    },
    "react-minimalist-portal": {
      "version": "2.3.1",
      "resolved": "https://registry.npmjs.org/react-minimalist-portal/-/react-minimalist-portal-2.3.1.tgz",
      "integrity": "sha1-SFPj9Ip0oywbh2dgGIfN95Qe66M=",
      "requires": {
        "prop-types": "^15.6.1"
      }
    },
    "react-responsive-modal": {
      "version": "2.1.0",
      "resolved": "https://registry.npmjs.org/react-responsive-modal/-/react-responsive-modal-2.1.0.tgz",
      "integrity": "sha1-PtXvX39ChyeR8JxeULxarisGsaQ=",
      "requires": {
        "classnames": "^2.2.5",
        "no-scroll": "^2.1.0",
        "prop-types": "^15.6.0",
        "react-jss": "^8.1.0",
        "react-minimalist-portal": "^2.1.1",
        "react-transition-group": "^2.2.1"
      }
    },
    "react-router": {
      "version": "5.0.0",
      "resolved": "https://registry.npmjs.org/react-router/-/react-router-5.0.0.tgz",
      "integrity": "sha512-6EQDakGdLG/it2x9EaCt9ZpEEPxnd0OCLBHQ1AcITAAx7nCnyvnzf76jKWG1s2/oJ7SSviUgfWHofdYljFexsA==",
      "requires": {
        "@babel/runtime": "^7.1.2",
        "create-react-context": "^0.2.2",
        "history": "^4.9.0",
        "hoist-non-react-statics": "^3.1.0",
        "loose-envify": "^1.3.1",
        "path-to-regexp": "^1.7.0",
        "prop-types": "^15.6.2",
        "react-is": "^16.6.0",
        "tiny-invariant": "^1.0.2",
        "tiny-warning": "^1.0.0"
      },
      "dependencies": {
        "hoist-non-react-statics": {
          "version": "3.3.0",
          "resolved": "https://registry.npmjs.org/hoist-non-react-statics/-/hoist-non-react-statics-3.3.0.tgz",
          "integrity": "sha512-0XsbTXxgiaCDYDIWFcwkmerZPSwywfUqYmwT4jzewKTQSWoE6FCMoUVOeBJWK3E/CrWbxRG3m5GzY4lnIwGRBA==",
          "requires": {
            "react-is": "^16.7.0"
          }
        }
      }
    },
    "react-router-dom": {
      "version": "5.0.0",
      "resolved": "https://registry.npmjs.org/react-router-dom/-/react-router-dom-5.0.0.tgz",
      "integrity": "sha512-wSpja5g9kh5dIteZT3tUoggjnsa+TPFHSMrpHXMpFsaHhQkm/JNVGh2jiF9Dkh4+duj4MKCkwO6H08u6inZYgQ==",
      "requires": {
        "@babel/runtime": "^7.1.2",
        "history": "^4.9.0",
        "loose-envify": "^1.3.1",
        "prop-types": "^15.6.2",
        "react-router": "5.0.0",
        "tiny-invariant": "^1.0.2",
        "tiny-warning": "^1.0.0"
      }
    },
    "react-transition-group": {
      "version": "2.9.0",
      "resolved": "https://registry.npmjs.org/react-transition-group/-/react-transition-group-2.9.0.tgz",
      "integrity": "sha512-+HzNTCHpeQyl4MJ/bdE0u6XRMe9+XG/+aL4mCxVN4DnPBQ0/5bfHWPDuOZUzYdMj94daZaZdCCc1Dzt9R/xSSg==",
      "requires": {
        "dom-helpers": "^3.4.0",
        "loose-envify": "^1.4.0",
        "prop-types": "^15.6.2",
        "react-lifecycles-compat": "^3.0.4"
      }
    },
    "regenerator-runtime": {
      "version": "0.13.2",
      "resolved": "https://registry.npmjs.org/regenerator-runtime/-/regenerator-runtime-0.13.2.tgz",
      "integrity": "sha512-S/TQAZJO+D3m9xeN1WTI8dLKBBiRgXBlTJvbWjCThHWZj9EvHK70Ff50/tYj2J/fvBY6JtFVwRuazHN2E7M9BA=="
    },
    "resolve-pathname": {
      "version": "2.2.0",
      "resolved": "https://registry.npmjs.org/resolve-pathname/-/resolve-pathname-2.2.0.tgz",
      "integrity": "sha512-bAFz9ld18RzJfddgrO2e/0S2O81710++chRMUxHjXOYKF6jTAMrUNZrEZ1PvV0zlhfjidm08iRPdTLPno1FuRg=="
    },
    "safer-buffer": {
      "version": "2.1.2",
      "resolved": "https://registry.npmjs.org/safer-buffer/-/safer-buffer-2.1.2.tgz",
      "integrity": "sha512-YZo3K82SD7Riyi0E1EQPojLz7kpepnSQI9IyPbHHg1XXXevb5dJI7tpyN2ADxGcQbHG7vcyRHk0cbwqcQriUtg=="
    },
    "setimmediate": {
      "version": "1.0.5",
      "resolved": "https://registry.npmjs.org/setimmediate/-/setimmediate-1.0.5.tgz",
      "integrity": "sha1-KQy7Iy4waULX1+qbg3Mqt4VvgoU="
    },
    "shortid": {
      "version": "2.2.8",
      "resolved": "https://registry.npmjs.org/shortid/-/shortid-2.2.8.tgz",
      "integrity": "sha1-AzsRfWoul1gE9vCWnb59PQs1UTE="
    },
    "symbol-observable": {
      "version": "1.2.0",
      "resolved": "https://registry.npmjs.org/symbol-observable/-/symbol-observable-1.2.0.tgz",
      "integrity": "sha512-e900nM8RRtGhlV36KGEU9k65K3mPb1WV70OdjfxlG2EAuM1noi/E/BaW/uMhL7bPEssK8QV57vN3esixjUvcXQ=="
    },
    "theming": {
      "version": "1.3.0",
      "resolved": "https://registry.npmjs.org/theming/-/theming-1.3.0.tgz",
      "integrity": "sha512-ya5Ef7XDGbTPBv5ENTwrwkPUexrlPeiAg/EI9kdlUAZhNlRbCdhMKRgjNX1IcmsmiPcqDQZE6BpSaH+cr31FKw==",
      "requires": {
        "brcast": "^3.0.1",
        "is-function": "^1.0.1",
        "is-plain-object": "^2.0.1",
        "prop-types": "^15.5.8"
      }
    },
    "tiny-invariant": {
      "version": "1.0.4",
      "resolved": "https://registry.npmjs.org/tiny-invariant/-/tiny-invariant-1.0.4.tgz",
      "integrity": "sha512-lMhRd/djQJ3MoaHEBrw8e2/uM4rs9YMNk0iOr8rHQ0QdbM7D4l0gFl3szKdeixrlyfm9Zqi4dxHCM2qVG8ND5g=="
    },
    "tiny-warning": {
      "version": "1.0.2",
      "resolved": "https://registry.npmjs.org/tiny-warning/-/tiny-warning-1.0.2.tgz",
      "integrity": "sha512-rru86D9CpQRLvsFG5XFdy0KdLAvjdQDyZCsRcuu60WtzFylDM3eAWSxEVz5kzL2Gp544XiUvPbVKtOA/txLi9Q=="
    },
    "ua-parser-js": {
      "version": "0.7.19",
      "resolved": "https://registry.npmjs.org/ua-parser-js/-/ua-parser-js-0.7.19.tgz",
      "integrity": "sha512-T3PVJ6uz8i0HzPxOF9SWzWAlfN/DavlpQqepn22xgve/5QecC+XMCAtmUNnY7C9StehaV6exjUCI801lOI7QlQ=="
    },
    "value-equal": {
      "version": "0.4.0",
      "resolved": "https://registry.npmjs.org/value-equal/-/value-equal-0.4.0.tgz",
      "integrity": "sha512-x+cYdNnaA3CxvMaTX0INdTCN8m8aF2uY9BvEqmxuYp8bL09cs/kWVQPVGcA35fMktdOsP69IgU7wFj/61dJHEw=="
    },
    "vtex-tachyons": {
      "version": "2.10.0",
      "resolved": "https://registry.npmjs.org/vtex-tachyons/-/vtex-tachyons-2.10.0.tgz",
      "integrity": "sha512-WWEOR4iyrMQ2fzp+EActa5ZLaYSMdPk2yxP8XQRhg+q+QnbFH2EKGayjkea4okXRDE7KTKQZdLF3GlB/HaXOow=="
    },
    "vtex.carousel": {
      "version": "file:react",
      "requires": {
        "@vtex/styleguide": "~2.0.0-rc.39",
        "classnames": "^2.2.6",
        "ramda": "^0.26.1",
        "shortid": "2.2.8"
      }
    },
    "warning": {
      "version": "3.0.0",
      "resolved": "https://registry.npmjs.org/warning/-/warning-3.0.0.tgz",
      "integrity": "sha1-MuU3fLVy3kqwR1O9+IIcAe1gW3w=",
      "requires": {
        "loose-envify": "^1.0.0"
      }
    },
    "whatwg-fetch": {
      "version": "3.0.0",
      "resolved": "https://registry.npmjs.org/whatwg-fetch/-/whatwg-fetch-3.0.0.tgz",
      "integrity": "sha512-9GSJUgz1D4MfyKU7KRqwOjXCXTqWdFNvEr7eUBYchQiVc744mqK/MzXPNR2WsPkmkOa4ywfg8C2n8h+13Bey1Q=="
    }
  }
}
